// !$*UTF8*$!
{
	archiveVersion = 1;
	classes = {
	};
	objectVersion = 46;
	objects = {

/* Begin PBXBuildFile section */
		8120E170243DC1AE0067086C /* LinkedListItem.cpp in Sources */ = {isa = PBXBuildFile; fileRef = 8120E164243DC1AD0067086C /* LinkedListItem.cpp */; };
		8120E171243DC1AE0067086C /* Ball.cpp in Sources */ = {isa = PBXBuildFile; fileRef = 8120E165243DC1AD0067086C /* Ball.cpp */; };
		8120E172243DC1AE0067086C /* EditLine.cpp in Sources */ = {isa = PBXBuildFile; fileRef = 8120E166243DC1AD0067086C /* EditLine.cpp */; };
		8120E173243DC1AE0067086C /* LinkedList.cpp in Sources */ = {isa = PBXBuildFile; fileRef = 8120E167243DC1AE0067086C /* LinkedList.cpp */; };
		8120E174243DC1AE0067086C /* V3.cpp in Sources */ = {isa = PBXBuildFile; fileRef = 8120E16D243DC1AE0067086C /* V3.cpp */; };
		8120E175243DC1AE0067086C /* FileUtils.cpp in Sources */ = {isa = PBXBuildFile; fileRef = 8120E16F243DC1AE0067086C /* FileUtils.cpp */; };
		E4B69E200A3A1BDC003C02F2 /* main.cpp in Sources */ = {isa = PBXBuildFile; fileRef = E4B69E1D0A3A1BDC003C02F2 /* main.cpp */; };
		E4B69E210A3A1BDC003C02F2 /* ofApp.cpp in Sources */ = {isa = PBXBuildFile; fileRef = E4B69E1E0A3A1BDC003C02F2 /* ofApp.cpp */; };
/* End PBXBuildFile section */

/* Begin PBXCopyFilesBuildPhase section */
		E4C2427710CC5ABF004149E2 /* CopyFiles */ = {
			isa = PBXCopyFilesBuildPhase;
			buildActionMask = 2147483647;
			dstPath = "";
			dstSubfolderSpec = 10;
			files = (
			);
			runOnlyForDeploymentPostprocessing = 0;
		};
/* End PBXCopyFilesBuildPhase section */

/* Begin PBXFileReference section */
		811E8843243DCB7500E72633 /* ofCamera.cpp */ = {isa = PBXFileReference; lastKnownFileType = sourcecode.cpp.cpp; path = ofCamera.cpp; sourceTree = "<group>"; };
		811E8844243DCB7500E72633 /* ofMesh.h */ = {isa = PBXFileReference; lastKnownFileType = sourcecode.c.h; path = ofMesh.h; sourceTree = "<group>"; };
		811E8845243DCB7500E72633 /* ofNode.h */ = {isa = PBXFileReference; lastKnownFileType = sourcecode.c.h; path = ofNode.h; sourceTree = "<group>"; };
		811E8846243DCB7500E72633 /* ofNode.cpp */ = {isa = PBXFileReference; lastKnownFileType = sourcecode.cpp.cpp; path = ofNode.cpp; sourceTree = "<group>"; };
		811E8847243DCB7500E72633 /* of3dPrimitives.cpp */ = {isa = PBXFileReference; lastKnownFileType = sourcecode.cpp.cpp; path = of3dPrimitives.cpp; sourceTree = "<group>"; };
		811E8848243DCB7500E72633 /* of3dUtils.h */ = {isa = PBXFileReference; lastKnownFileType = sourcecode.c.h; path = of3dUtils.h; sourceTree = "<group>"; };
		811E8849243DCB7500E72633 /* ofEasyCam.cpp */ = {isa = PBXFileReference; lastKnownFileType = sourcecode.cpp.cpp; path = ofEasyCam.cpp; sourceTree = "<group>"; };
		811E884A243DCB7500E72633 /* ofCamera.h */ = {isa = PBXFileReference; lastKnownFileType = sourcecode.c.h; path = ofCamera.h; sourceTree = "<group>"; };
		811E884B243DCB7500E72633 /* ofMesh.inl */ = {isa = PBXFileReference; lastKnownFileType = text; path = ofMesh.inl; sourceTree = "<group>"; };
		811E884C243DCB7500E72633 /* of3dUtils.cpp */ = {isa = PBXFileReference; lastKnownFileType = sourcecode.cpp.cpp; path = of3dUtils.cpp; sourceTree = "<group>"; };
		811E884D243DCB7500E72633 /* of3dPrimitives.h */ = {isa = PBXFileReference; lastKnownFileType = sourcecode.c.h; path = of3dPrimitives.h; sourceTree = "<group>"; };
		811E884E243DCB7500E72633 /* ofEasyCam.h */ = {isa = PBXFileReference; lastKnownFileType = sourcecode.c.h; path = ofEasyCam.h; sourceTree = "<group>"; };
		811E8850243DCB7500E72633 /* ofDirectShowGrabber.h */ = {isa = PBXFileReference; lastKnownFileType = sourcecode.c.h; path = ofDirectShowGrabber.h; sourceTree = "<group>"; };
		811E8851243DCB7500E72633 /* ofAVFoundationGrabber.h */ = {isa = PBXFileReference; lastKnownFileType = sourcecode.c.h; path = ofAVFoundationGrabber.h; sourceTree = "<group>"; };
		811E8852243DCB7500E72633 /* ofVideoPlayer.h */ = {isa = PBXFileReference; lastKnownFileType = sourcecode.c.h; path = ofVideoPlayer.h; sourceTree = "<group>"; };
		811E8853243DCB7500E72633 /* ofAVFoundationPlayer.h */ = {isa = PBXFileReference; lastKnownFileType = sourcecode.c.h; path = ofAVFoundationPlayer.h; sourceTree = "<group>"; };
		811E8854243DCB7500E72633 /* ofQtUtils.cpp */ = {isa = PBXFileReference; lastKnownFileType = sourcecode.cpp.cpp; path = ofQtUtils.cpp; sourceTree = "<group>"; };
		811E8855243DCB7500E72633 /* ofQTKitGrabber.mm */ = {isa = PBXFileReference; lastKnownFileType = sourcecode.cpp.objcpp; path = ofQTKitGrabber.mm; sourceTree = "<group>"; };
		811E8856243DCB7500E72633 /* ofQuickTimeGrabber.cpp */ = {isa = PBXFileReference; lastKnownFileType = sourcecode.cpp.cpp; path = ofQuickTimeGrabber.cpp; sourceTree = "<group>"; };
		811E8857243DCB7500E72633 /* ofGstVideoPlayer.cpp */ = {isa = PBXFileReference; lastKnownFileType = sourcecode.cpp.cpp; path = ofGstVideoPlayer.cpp; sourceTree = "<group>"; };
		811E8858243DCB7500E72633 /* ofAVFoundationVideoPlayer.h */ = {isa = PBXFileReference; lastKnownFileType = sourcecode.c.h; path = ofAVFoundationVideoPlayer.h; sourceTree = "<group>"; };
		811E8859243DCB7500E72633 /* ofAVFoundationGrabber.mm */ = {isa = PBXFileReference; lastKnownFileType = sourcecode.cpp.objcpp; path = ofAVFoundationGrabber.mm; sourceTree = "<group>"; };
		811E885A243DCB7500E72633 /* ofQTKitMovieRenderer.h */ = {isa = PBXFileReference; lastKnownFileType = sourcecode.c.h; path = ofQTKitMovieRenderer.h; sourceTree = "<group>"; };
		811E885B243DCB7500E72633 /* ofVideoPlayer.cpp */ = {isa = PBXFileReference; lastKnownFileType = sourcecode.cpp.cpp; path = ofVideoPlayer.cpp; sourceTree = "<group>"; };
		811E885C243DCB7500E72633 /* ofQTKitGrabber.h */ = {isa = PBXFileReference; lastKnownFileType = sourcecode.c.h; path = ofQTKitGrabber.h; sourceTree = "<group>"; };
		811E885D243DCB7500E72633 /* ofDirectShowPlayer.cpp */ = {isa = PBXFileReference; lastKnownFileType = sourcecode.cpp.cpp; path = ofDirectShowPlayer.cpp; sourceTree = "<group>"; };
		811E885E243DCB7500E72633 /* ofQuickTimeGrabber.h */ = {isa = PBXFileReference; lastKnownFileType = sourcecode.c.h; path = ofQuickTimeGrabber.h; sourceTree = "<group>"; };
		811E885F243DCB7500E72633 /* ofGstUtils.cpp */ = {isa = PBXFileReference; lastKnownFileType = sourcecode.cpp.cpp; path = ofGstUtils.cpp; sourceTree = "<group>"; };
		811E8860243DCB7500E72633 /* ofQuickTimePlayer.cpp */ = {isa = PBXFileReference; lastKnownFileType = sourcecode.cpp.cpp; path = ofQuickTimePlayer.cpp; sourceTree = "<group>"; };
		811E8861243DCB7500E72633 /* ofVideoGrabber.h */ = {isa = PBXFileReference; lastKnownFileType = sourcecode.c.h; path = ofVideoGrabber.h; sourceTree = "<group>"; };
		811E8862243DCB7500E72633 /* ofQTKitPlayer.h */ = {isa = PBXFileReference; lastKnownFileType = sourcecode.c.h; path = ofQTKitPlayer.h; sourceTree = "<group>"; };
		811E8863243DCB7500E72633 /* ofGstVideoPlayer.h */ = {isa = PBXFileReference; lastKnownFileType = sourcecode.c.h; path = ofGstVideoPlayer.h; sourceTree = "<group>"; };
		811E8864243DCB7500E72633 /* ofQtUtils.h */ = {isa = PBXFileReference; lastKnownFileType = sourcecode.c.h; path = ofQtUtils.h; sourceTree = "<group>"; };
		811E8865243DCB7500E72633 /* ofAVFoundationPlayer.mm */ = {isa = PBXFileReference; lastKnownFileType = sourcecode.cpp.objcpp; path = ofAVFoundationPlayer.mm; sourceTree = "<group>"; };
		811E8866243DCB7500E72633 /* ofQuickTimePlayer.h */ = {isa = PBXFileReference; lastKnownFileType = sourcecode.c.h; path = ofQuickTimePlayer.h; sourceTree = "<group>"; };
		811E8867243DCB7500E72633 /* ofVideoGrabber.cpp */ = {isa = PBXFileReference; lastKnownFileType = sourcecode.cpp.cpp; path = ofVideoGrabber.cpp; sourceTree = "<group>"; };
		811E8868243DCB7500E72633 /* ofGstVideoGrabber.cpp */ = {isa = PBXFileReference; lastKnownFileType = sourcecode.cpp.cpp; path = ofGstVideoGrabber.cpp; sourceTree = "<group>"; };
		811E8869243DCB7500E72633 /* ofDirectShowGrabber.cpp */ = {isa = PBXFileReference; lastKnownFileType = sourcecode.cpp.cpp; path = ofDirectShowGrabber.cpp; sourceTree = "<group>"; };
		811E886A243DCB7500E72633 /* ofGstUtils.h */ = {isa = PBXFileReference; lastKnownFileType = sourcecode.c.h; path = ofGstUtils.h; sourceTree = "<group>"; };
		811E886B243DCB7500E72633 /* ofDirectShowPlayer.h */ = {isa = PBXFileReference; lastKnownFileType = sourcecode.c.h; path = ofDirectShowPlayer.h; sourceTree = "<group>"; };
		811E886C243DCB7500E72633 /* ofQTKitPlayer.mm */ = {isa = PBXFileReference; lastKnownFileType = sourcecode.cpp.objcpp; path = ofQTKitPlayer.mm; sourceTree = "<group>"; };
		811E886D243DCB7500E72633 /* ofQTKitMovieRenderer.m */ = {isa = PBXFileReference; lastKnownFileType = sourcecode.c.objc; path = ofQTKitMovieRenderer.m; sourceTree = "<group>"; };
		811E886E243DCB7500E72633 /* ofAVFoundationVideoPlayer.m */ = {isa = PBXFileReference; lastKnownFileType = sourcecode.c.objc; path = ofAVFoundationVideoPlayer.m; sourceTree = "<group>"; };
		811E886F243DCB7500E72633 /* ofGstVideoGrabber.h */ = {isa = PBXFileReference; lastKnownFileType = sourcecode.c.h; path = ofGstVideoGrabber.h; sourceTree = "<group>"; };
		811E8870243DCB7500E72633 /* ofVideoBaseTypes.h */ = {isa = PBXFileReference; lastKnownFileType = sourcecode.c.h; path = ofVideoBaseTypes.h; sourceTree = "<group>"; };
		811E8872243DCB7500E72633 /* ofParameterGroup.h */ = {isa = PBXFileReference; lastKnownFileType = sourcecode.c.h; path = ofParameterGroup.h; sourceTree = "<group>"; };
		811E8873243DCB7500E72633 /* ofColor.h */ = {isa = PBXFileReference; lastKnownFileType = sourcecode.c.h; path = ofColor.h; sourceTree = "<group>"; };
		811E8874243DCB7500E72633 /* ofRectangle.cpp */ = {isa = PBXFileReference; lastKnownFileType = sourcecode.cpp.cpp; path = ofRectangle.cpp; sourceTree = "<group>"; };
		811E8875243DCB7500E72633 /* ofPoint.h */ = {isa = PBXFileReference; lastKnownFileType = sourcecode.c.h; path = ofPoint.h; sourceTree = "<group>"; };
		811E8876243DCB7500E72633 /* ofTypes.h */ = {isa = PBXFileReference; lastKnownFileType = sourcecode.c.h; path = ofTypes.h; sourceTree = "<group>"; };
		811E8877243DCB7500E72633 /* ofRectangle.h */ = {isa = PBXFileReference; lastKnownFileType = sourcecode.c.h; path = ofRectangle.h; sourceTree = "<group>"; };
		811E8878243DCB7500E72633 /* ofBaseTypes.cpp */ = {isa = PBXFileReference; lastKnownFileType = sourcecode.cpp.cpp; path = ofBaseTypes.cpp; sourceTree = "<group>"; };
		811E8879243DCB7500E72633 /* ofParameterGroup.cpp */ = {isa = PBXFileReference; lastKnownFileType = sourcecode.cpp.cpp; path = ofParameterGroup.cpp; sourceTree = "<group>"; };
		811E887A243DCB7500E72633 /* ofParameter.h */ = {isa = PBXFileReference; lastKnownFileType = sourcecode.c.h; path = ofParameter.h; sourceTree = "<group>"; };
		811E887B243DCB7500E72633 /* ofColor.cpp */ = {isa = PBXFileReference; lastKnownFileType = sourcecode.cpp.cpp; path = ofColor.cpp; sourceTree = "<group>"; };
		811E887C243DCB7500E72633 /* ofParameter.cpp */ = {isa = PBXFileReference; lastKnownFileType = sourcecode.cpp.cpp; path = ofParameter.cpp; sourceTree = "<group>"; };
		811E887D243DCB7500E72633 /* ofBaseTypes.h */ = {isa = PBXFileReference; lastKnownFileType = sourcecode.c.h; path = ofBaseTypes.h; sourceTree = "<group>"; };
		811E887F243DCB7500E72633 /* ofMainLoop.h */ = {isa = PBXFileReference; lastKnownFileType = sourcecode.c.h; path = ofMainLoop.h; sourceTree = "<group>"; };
		811E8880243DCB7500E72633 /* ofBaseApp.cpp */ = {isa = PBXFileReference; lastKnownFileType = sourcecode.cpp.cpp; path = ofBaseApp.cpp; sourceTree = "<group>"; };
		811E8881243DCB7500E72633 /* ofAppGlutWindow.cpp */ = {isa = PBXFileReference; lastKnownFileType = sourcecode.cpp.cpp; path = ofAppGlutWindow.cpp; sourceTree = "<group>"; };
		811E8882243DCB7500E72633 /* ofWindowSettings.h */ = {isa = PBXFileReference; lastKnownFileType = sourcecode.c.h; path = ofWindowSettings.h; sourceTree = "<group>"; };
		811E8883243DCB7500E72633 /* ofAppEGLWindow.cpp */ = {isa = PBXFileReference; lastKnownFileType = sourcecode.cpp.cpp; path = ofAppEGLWindow.cpp; sourceTree = "<group>"; };
		811E8884243DCB7500E72633 /* ofAppBaseWindow.h */ = {isa = PBXFileReference; lastKnownFileType = sourcecode.c.h; path = ofAppBaseWindow.h; sourceTree = "<group>"; };
		811E8885243DCB7500E72633 /* ofIcon.h */ = {isa = PBXFileReference; lastKnownFileType = sourcecode.c.h; path = ofIcon.h; sourceTree = "<group>"; };
		811E8886243DCB7500E72633 /* ofAppNoWindow.h */ = {isa = PBXFileReference; lastKnownFileType = sourcecode.c.h; path = ofAppNoWindow.h; sourceTree = "<group>"; };
		811E8887243DCB7500E72633 /* ofBaseApp.h */ = {isa = PBXFileReference; lastKnownFileType = sourcecode.c.h; path = ofBaseApp.h; sourceTree = "<group>"; };
		811E8888243DCB7500E72633 /* ofAppEGLWindow.h */ = {isa = PBXFileReference; lastKnownFileType = sourcecode.c.h; path = ofAppEGLWindow.h; sourceTree = "<group>"; };
		811E8889243DCB7500E72633 /* ofMainLoop.cpp */ = {isa = PBXFileReference; lastKnownFileType = sourcecode.cpp.cpp; path = ofMainLoop.cpp; sourceTree = "<group>"; };
		811E888A243DCB7500E72633 /* ofAppRunner.h */ = {isa = PBXFileReference; lastKnownFileType = sourcecode.c.h; path = ofAppRunner.h; sourceTree = "<group>"; };
		811E888B243DCB7500E72633 /* ofAppNoWindow.cpp */ = {isa = PBXFileReference; lastKnownFileType = sourcecode.cpp.cpp; path = ofAppNoWindow.cpp; sourceTree = "<group>"; };
		811E888C243DCB7500E72633 /* ofAppGLFWWindow.cpp */ = {isa = PBXFileReference; lastKnownFileType = sourcecode.cpp.cpp; path = ofAppGLFWWindow.cpp; sourceTree = "<group>"; };
		811E888D243DCB7500E72633 /* ofAppGlutWindow.h */ = {isa = PBXFileReference; lastKnownFileType = sourcecode.c.h; path = ofAppGlutWindow.h; sourceTree = "<group>"; };
		811E888E243DCB7500E72633 /* ofAppRunner.cpp */ = {isa = PBXFileReference; lastKnownFileType = sourcecode.cpp.cpp; path = ofAppRunner.cpp; sourceTree = "<group>"; };
		811E888F243DCB7500E72633 /* ofAppGLFWWindow.h */ = {isa = PBXFileReference; lastKnownFileType = sourcecode.c.h; path = ofAppGLFWWindow.h; sourceTree = "<group>"; };
		811E8890243DCB7500E72633 /* ofMain.h */ = {isa = PBXFileReference; lastKnownFileType = sourcecode.c.h; path = ofMain.h; sourceTree = "<group>"; };
		811E8892243DCB7500E72633 /* ofThreadChannel.h */ = {isa = PBXFileReference; lastKnownFileType = sourcecode.c.h; path = ofThreadChannel.h; sourceTree = "<group>"; };
		811E8893243DCB7500E72633 /* ofThread.cpp */ = {isa = PBXFileReference; lastKnownFileType = sourcecode.cpp.cpp; path = ofThread.cpp; sourceTree = "<group>"; };
		811E8894243DCB7500E72633 /* ofFpsCounter.cpp */ = {isa = PBXFileReference; lastKnownFileType = sourcecode.cpp.cpp; path = ofFpsCounter.cpp; sourceTree = "<group>"; };
		811E8895243DCB7500E72633 /* ofURLFileLoader.cpp */ = {isa = PBXFileReference; lastKnownFileType = sourcecode.cpp.cpp; path = ofURLFileLoader.cpp; sourceTree = "<group>"; };
		811E8896243DCB7500E72633 /* ofConstants.h */ = {isa = PBXFileReference; lastKnownFileType = sourcecode.c.h; path = ofConstants.h; sourceTree = "<group>"; };
		811E8897243DCB7500E72633 /* ofXml.h */ = {isa = PBXFileReference; lastKnownFileType = sourcecode.c.h; path = ofXml.h; sourceTree = "<group>"; };
		811E8898243DCB7500E72633 /* ofFpsCounter.h */ = {isa = PBXFileReference; lastKnownFileType = sourcecode.c.h; path = ofFpsCounter.h; sourceTree = "<group>"; };
		811E8899243DCB7500E72633 /* ofLog.h */ = {isa = PBXFileReference; lastKnownFileType = sourcecode.c.h; path = ofLog.h; sourceTree = "<group>"; };
		811E889A243DCB7500E72633 /* ofSystemUtils.h */ = {isa = PBXFileReference; lastKnownFileType = sourcecode.c.h; path = ofSystemUtils.h; sourceTree = "<group>"; };
		811E889B243DCB7500E72633 /* ofSystemUtils.cpp */ = {isa = PBXFileReference; lastKnownFileType = sourcecode.cpp.cpp; path = ofSystemUtils.cpp; sourceTree = "<group>"; };
		811E889C243DCB7500E72633 /* ofUtils.h */ = {isa = PBXFileReference; lastKnownFileType = sourcecode.c.h; path = ofUtils.h; sourceTree = "<group>"; };
		811E889D243DCB7500E72633 /* ofNoise.h */ = {isa = PBXFileReference; lastKnownFileType = sourcecode.c.h; path = ofNoise.h; sourceTree = "<group>"; };
		811E889E243DCB7500E72633 /* ofLog.cpp */ = {isa = PBXFileReference; lastKnownFileType = sourcecode.cpp.cpp; path = ofLog.cpp; sourceTree = "<group>"; };
		811E889F243DCB7500E72633 /* ofTimer.cpp */ = {isa = PBXFileReference; lastKnownFileType = sourcecode.cpp.cpp; path = ofTimer.cpp; sourceTree = "<group>"; };
		811E88A0243DCB7500E72633 /* ofFileUtils.h */ = {isa = PBXFileReference; lastKnownFileType = sourcecode.c.h; path = ofFileUtils.h; sourceTree = "<group>"; };
		811E88A1243DCB7500E72633 /* ofThread.h */ = {isa = PBXFileReference; lastKnownFileType = sourcecode.c.h; path = ofThread.h; sourceTree = "<group>"; };
		811E88A2243DCB7500E72633 /* ofURLFileLoader.h */ = {isa = PBXFileReference; lastKnownFileType = sourcecode.c.h; path = ofURLFileLoader.h; sourceTree = "<group>"; };
		811E88A3243DCB7500E72633 /* ofJson.h */ = {isa = PBXFileReference; lastKnownFileType = sourcecode.c.h; path = ofJson.h; sourceTree = "<group>"; };
		811E88A4243DCB7500E72633 /* ofFileUtils.cpp */ = {isa = PBXFileReference; lastKnownFileType = sourcecode.cpp.cpp; path = ofFileUtils.cpp; sourceTree = "<group>"; };
		811E88A5243DCB7500E72633 /* ofMatrixStack.cpp */ = {isa = PBXFileReference; lastKnownFileType = sourcecode.cpp.cpp; path = ofMatrixStack.cpp; sourceTree = "<group>"; };
		811E88A6243DCB7500E72633 /* ofUtils.cpp */ = {isa = PBXFileReference; lastKnownFileType = sourcecode.cpp.cpp; path = ofUtils.cpp; sourceTree = "<group>"; };
		811E88A7243DCB7500E72633 /* ofXml.cpp */ = {isa = PBXFileReference; lastKnownFileType = sourcecode.cpp.cpp; path = ofXml.cpp; sourceTree = "<group>"; };
		811E88A8243DCB7500E72633 /* ofMatrixStack.h */ = {isa = PBXFileReference; lastKnownFileType = sourcecode.c.h; path = ofMatrixStack.h; sourceTree = "<group>"; };
		811E88A9243DCB7500E72633 /* ofTimer.h */ = {isa = PBXFileReference; lastKnownFileType = sourcecode.c.h; path = ofTimer.h; sourceTree = "<group>"; };
		811E88AB243DCB7500E72633 /* ofVec2f.cpp */ = {isa = PBXFileReference; lastKnownFileType = sourcecode.cpp.cpp; path = ofVec2f.cpp; sourceTree = "<group>"; };
		811E88AC243DCB7500E72633 /* ofVec4f.cpp */ = {isa = PBXFileReference; lastKnownFileType = sourcecode.cpp.cpp; path = ofVec4f.cpp; sourceTree = "<group>"; };
		811E88AD243DCB7500E72633 /* ofVec4f.h */ = {isa = PBXFileReference; lastKnownFileType = sourcecode.c.h; path = ofVec4f.h; sourceTree = "<group>"; };
		811E88AE243DCB7500E72633 /* ofMath.cpp */ = {isa = PBXFileReference; lastKnownFileType = sourcecode.cpp.cpp; path = ofMath.cpp; sourceTree = "<group>"; };
		811E88AF243DCB7500E72633 /* ofMathConstants.h */ = {isa = PBXFileReference; lastKnownFileType = sourcecode.c.h; path = ofMathConstants.h; sourceTree = "<group>"; };
		811E88B0243DCB7500E72633 /* ofMatrix4x4.h */ = {isa = PBXFileReference; lastKnownFileType = sourcecode.c.h; path = ofMatrix4x4.h; sourceTree = "<group>"; };
		811E88B1243DCB7500E72633 /* ofVec3f.h */ = {isa = PBXFileReference; lastKnownFileType = sourcecode.c.h; path = ofVec3f.h; sourceTree = "<group>"; };
		811E88B2243DCB7500E72633 /* ofMatrix3x3.cpp */ = {isa = PBXFileReference; lastKnownFileType = sourcecode.cpp.cpp; path = ofMatrix3x3.cpp; sourceTree = "<group>"; };
		811E88B3243DCB7500E72633 /* ofMath.h */ = {isa = PBXFileReference; lastKnownFileType = sourcecode.c.h; path = ofMath.h; sourceTree = "<group>"; };
		811E88B4243DCB7500E72633 /* ofQuaternion.h */ = {isa = PBXFileReference; lastKnownFileType = sourcecode.c.h; path = ofQuaternion.h; sourceTree = "<group>"; };
		811E88B5243DCB7500E72633 /* ofVectorMath.h */ = {isa = PBXFileReference; lastKnownFileType = sourcecode.c.h; path = ofVectorMath.h; sourceTree = "<group>"; };
		811E88B6243DCB7500E72633 /* ofQuaternion.cpp */ = {isa = PBXFileReference; lastKnownFileType = sourcecode.cpp.cpp; path = ofQuaternion.cpp; sourceTree = "<group>"; };
		811E88B7243DCB7500E72633 /* ofVec2f.h */ = {isa = PBXFileReference; lastKnownFileType = sourcecode.c.h; path = ofVec2f.h; sourceTree = "<group>"; };
		811E88B8243DCB7500E72633 /* ofMatrix4x4.cpp */ = {isa = PBXFileReference; lastKnownFileType = sourcecode.cpp.cpp; path = ofMatrix4x4.cpp; sourceTree = "<group>"; };
		811E88B9243DCB7500E72633 /* ofMatrix3x3.h */ = {isa = PBXFileReference; lastKnownFileType = sourcecode.c.h; path = ofMatrix3x3.h; sourceTree = "<group>"; };
		811E88BB243DCB7500E72633 /* language.settings.xml */ = {isa = PBXFileReference; lastKnownFileType = text.xml; path = language.settings.xml; sourceTree = "<group>"; };
		811E88BD243DCB7500E72633 /* ofVboMesh.h */ = {isa = PBXFileReference; lastKnownFileType = sourcecode.c.h; path = ofVboMesh.h; sourceTree = "<group>"; };
		811E88BE243DCB7500E72633 /* ofTexture.h */ = {isa = PBXFileReference; lastKnownFileType = sourcecode.c.h; path = ofTexture.h; sourceTree = "<group>"; };
		811E88BF243DCB7500E72633 /* ofShader.h */ = {isa = PBXFileReference; lastKnownFileType = sourcecode.c.h; path = ofShader.h; sourceTree = "<group>"; };
		811E88C0243DCB7500E72633 /* ofMaterial.cpp */ = {isa = PBXFileReference; lastKnownFileType = sourcecode.cpp.cpp; path = ofMaterial.cpp; sourceTree = "<group>"; };
		811E88C1243DCB7500E72633 /* ofFbo.cpp */ = {isa = PBXFileReference; lastKnownFileType = sourcecode.cpp.cpp; path = ofFbo.cpp; sourceTree = "<group>"; };
		811E88C2243DCB7500E72633 /* ofLight.h */ = {isa = PBXFileReference; lastKnownFileType = sourcecode.c.h; path = ofLight.h; sourceTree = "<group>"; };
		811E88C3243DCB7500E72633 /* ofMaterial.h */ = {isa = PBXFileReference; lastKnownFileType = sourcecode.c.h; path = ofMaterial.h; sourceTree = "<group>"; };
		811E88C4243DCB7500E72633 /* ofShader.cpp */ = {isa = PBXFileReference; lastKnownFileType = sourcecode.cpp.cpp; path = ofShader.cpp; sourceTree = "<group>"; };
		811E88C5243DCB7500E72633 /* ofBufferObject.cpp */ = {isa = PBXFileReference; lastKnownFileType = sourcecode.cpp.cpp; path = ofBufferObject.cpp; sourceTree = "<group>"; };
		811E88C6243DCB7500E72633 /* ofVboMesh.cpp */ = {isa = PBXFileReference; lastKnownFileType = sourcecode.cpp.cpp; path = ofVboMesh.cpp; sourceTree = "<group>"; };
		811E88C7243DCB7500E72633 /* ofGLUtils.cpp */ = {isa = PBXFileReference; lastKnownFileType = sourcecode.cpp.cpp; path = ofGLUtils.cpp; sourceTree = "<group>"; };
		811E88C8243DCB7500E72633 /* ofVbo.h */ = {isa = PBXFileReference; lastKnownFileType = sourcecode.c.h; path = ofVbo.h; sourceTree = "<group>"; };
		811E88C9243DCB7500E72633 /* ofLight.cpp */ = {isa = PBXFileReference; lastKnownFileType = sourcecode.cpp.cpp; path = ofLight.cpp; sourceTree = "<group>"; };
		811E88CA243DCB7500E72633 /* ofBufferObject.h */ = {isa = PBXFileReference; lastKnownFileType = sourcecode.c.h; path = ofBufferObject.h; sourceTree = "<group>"; };
		811E88CB243DCB7500E72633 /* ofGLProgrammableRenderer.cpp */ = {isa = PBXFileReference; lastKnownFileType = sourcecode.cpp.cpp; path = ofGLProgrammableRenderer.cpp; sourceTree = "<group>"; };
		811E88CD243DCB7500E72633 /* phong.frag */ = {isa = PBXFileReference; lastKnownFileType = sourcecode.glsl; path = phong.frag; sourceTree = "<group>"; };
		811E88CE243DCB7500E72633 /* phong.vert */ = {isa = PBXFileReference; lastKnownFileType = sourcecode.glsl; path = phong.vert; sourceTree = "<group>"; };
		811E88CF243DCB7500E72633 /* ofFbo.h */ = {isa = PBXFileReference; lastKnownFileType = sourcecode.c.h; path = ofFbo.h; sourceTree = "<group>"; };
		811E88D0243DCB7500E72633 /* ofGLBaseTypes.h */ = {isa = PBXFileReference; lastKnownFileType = sourcecode.c.h; path = ofGLBaseTypes.h; sourceTree = "<group>"; };
		811E88D1243DCB7500E72633 /* ofVbo.cpp */ = {isa = PBXFileReference; lastKnownFileType = sourcecode.cpp.cpp; path = ofVbo.cpp; sourceTree = "<group>"; };
		811E88D2243DCB7500E72633 /* ofGLProgrammableRenderer.h */ = {isa = PBXFileReference; lastKnownFileType = sourcecode.c.h; path = ofGLProgrammableRenderer.h; sourceTree = "<group>"; };
		811E88D3243DCB7500E72633 /* ofTexture.cpp */ = {isa = PBXFileReference; lastKnownFileType = sourcecode.cpp.cpp; path = ofTexture.cpp; sourceTree = "<group>"; };
		811E88D4243DCB7500E72633 /* ofGLUtils.h */ = {isa = PBXFileReference; lastKnownFileType = sourcecode.c.h; path = ofGLUtils.h; sourceTree = "<group>"; };
		811E88D5243DCB7500E72633 /* ofGLRenderer.cpp */ = {isa = PBXFileReference; lastKnownFileType = sourcecode.cpp.cpp; path = ofGLRenderer.cpp; sourceTree = "<group>"; };
		811E88D6243DCB7500E72633 /* ofGLRenderer.h */ = {isa = PBXFileReference; lastKnownFileType = sourcecode.c.h; path = ofGLRenderer.h; sourceTree = "<group>"; };
		811E88D8243DCB7500E72633 /* ofArduino.h */ = {isa = PBXFileReference; lastKnownFileType = sourcecode.c.h; path = ofArduino.h; sourceTree = "<group>"; };
		811E88D9243DCB7500E72633 /* ofSerial.cpp */ = {isa = PBXFileReference; lastKnownFileType = sourcecode.cpp.cpp; path = ofSerial.cpp; sourceTree = "<group>"; };
		811E88DA243DCB7500E72633 /* ofSerial.h */ = {isa = PBXFileReference; lastKnownFileType = sourcecode.c.h; path = ofSerial.h; sourceTree = "<group>"; };
		811E88DB243DCB7500E72633 /* ofArduino.cpp */ = {isa = PBXFileReference; lastKnownFileType = sourcecode.cpp.cpp; path = ofArduino.cpp; sourceTree = "<group>"; };
		811E88DD243DCB7500E72633 /* ofEventUtils.h */ = {isa = PBXFileReference; lastKnownFileType = sourcecode.c.h; path = ofEventUtils.h; sourceTree = "<group>"; };
		811E88DE243DCB7500E72633 /* ofEvent.h */ = {isa = PBXFileReference; lastKnownFileType = sourcecode.c.h; path = ofEvent.h; sourceTree = "<group>"; };
		811E88DF243DCB7500E72633 /* ofEvents.h */ = {isa = PBXFileReference; lastKnownFileType = sourcecode.c.h; path = ofEvents.h; sourceTree = "<group>"; };
		811E88E0243DCB7500E72633 /* ofEvents.cpp */ = {isa = PBXFileReference; lastKnownFileType = sourcecode.cpp.cpp; path = ofEvents.cpp; sourceTree = "<group>"; };
		811E88E2243DCB7500E72633 /* ofGraphicsBaseTypes.h */ = {isa = PBXFileReference; lastKnownFileType = sourcecode.c.h; path = ofGraphicsBaseTypes.h; sourceTree = "<group>"; };
		811E88E3243DCB7500E72633 /* ofPath.h */ = {isa = PBXFileReference; lastKnownFileType = sourcecode.c.h; path = ofPath.h; sourceTree = "<group>"; };
		811E88E4243DCB7500E72633 /* ofBitmapFont.cpp */ = {isa = PBXFileReference; lastKnownFileType = sourcecode.cpp.cpp; path = ofBitmapFont.cpp; sourceTree = "<group>"; };
		811E88E5243DCB7500E72633 /* ofTrueTypeFont.h */ = {isa = PBXFileReference; lastKnownFileType = sourcecode.c.h; path = ofTrueTypeFont.h; sourceTree = "<group>"; };
		811E88E6243DCB7500E72633 /* ofTessellator.cpp */ = {isa = PBXFileReference; lastKnownFileType = sourcecode.cpp.cpp; path = ofTessellator.cpp; sourceTree = "<group>"; };
		811E88E7243DCB7500E72633 /* ofGraphics.cpp */ = {isa = PBXFileReference; lastKnownFileType = sourcecode.cpp.cpp; path = ofGraphics.cpp; sourceTree = "<group>"; };
		811E88E8243DCB7500E72633 /* ofPolyline.h */ = {isa = PBXFileReference; lastKnownFileType = sourcecode.c.h; path = ofPolyline.h; sourceTree = "<group>"; };
		811E88E9243DCB7500E72633 /* ofGraphicsBaseTypes.cpp */ = {isa = PBXFileReference; lastKnownFileType = sourcecode.cpp.cpp; path = ofGraphicsBaseTypes.cpp; sourceTree = "<group>"; };
		811E88EA243DCB7500E72633 /* ofCairoRenderer.cpp */ = {isa = PBXFileReference; lastKnownFileType = sourcecode.cpp.cpp; path = ofCairoRenderer.cpp; sourceTree = "<group>"; };
		811E88EB243DCB7500E72633 /* ofRendererCollection.cpp */ = {isa = PBXFileReference; lastKnownFileType = sourcecode.cpp.cpp; path = ofRendererCollection.cpp; sourceTree = "<group>"; };
		811E88EC243DCB7500E72633 /* ofPath.cpp */ = {isa = PBXFileReference; lastKnownFileType = sourcecode.cpp.cpp; path = ofPath.cpp; sourceTree = "<group>"; };
		811E88ED243DCB7500E72633 /* ofPixels.cpp */ = {isa = PBXFileReference; lastKnownFileType = sourcecode.cpp.cpp; path = ofPixels.cpp; sourceTree = "<group>"; };
		811E88EE243DCB7500E72633 /* ofPolyline.inl */ = {isa = PBXFileReference; lastKnownFileType = text; path = ofPolyline.inl; sourceTree = "<group>"; };
		811E88EF243DCB7500E72633 /* of3dGraphics.cpp */ = {isa = PBXFileReference; lastKnownFileType = sourcecode.cpp.cpp; path = of3dGraphics.cpp; sourceTree = "<group>"; };
		811E88F0243DCB7500E72633 /* ofImage.h */ = {isa = PBXFileReference; lastKnownFileType = sourcecode.c.h; path = ofImage.h; sourceTree = "<group>"; };
		811E88F1243DCB7500E72633 /* ofPixels.h */ = {isa = PBXFileReference; lastKnownFileType = sourcecode.c.h; path = ofPixels.h; sourceTree = "<group>"; };
		811E88F2243DCB7500E72633 /* ofCairoRenderer.h */ = {isa = PBXFileReference; lastKnownFileType = sourcecode.c.h; path = ofCairoRenderer.h; sourceTree = "<group>"; };
		811E88F3243DCB7500E72633 /* ofBitmapFont.h */ = {isa = PBXFileReference; lastKnownFileType = sourcecode.c.h; path = ofBitmapFont.h; sourceTree = "<group>"; };
		811E88F4243DCB7500E72633 /* ofTrueTypeFont.cpp */ = {isa = PBXFileReference; lastKnownFileType = sourcecode.cpp.cpp; path = ofTrueTypeFont.cpp; sourceTree = "<group>"; };
		811E88F5243DCB7500E72633 /* ofRendererCollection.h */ = {isa = PBXFileReference; lastKnownFileType = sourcecode.c.h; path = ofRendererCollection.h; sourceTree = "<group>"; };
		811E88F6243DCB7500E72633 /* ofGraphics.h */ = {isa = PBXFileReference; lastKnownFileType = sourcecode.c.h; path = ofGraphics.h; sourceTree = "<group>"; };
		811E88F7243DCB7500E72633 /* ofGraphicsConstants.h */ = {isa = PBXFileReference; lastKnownFileType = sourcecode.c.h; path = ofGraphicsConstants.h; sourceTree = "<group>"; };
		811E88F8243DCB7500E72633 /* ofImage.cpp */ = {isa = PBXFileReference; lastKnownFileType = sourcecode.cpp.cpp; path = ofImage.cpp; sourceTree = "<group>"; };
		811E88F9243DCB7500E72633 /* of3dGraphics.h */ = {isa = PBXFileReference; lastKnownFileType = sourcecode.c.h; path = of3dGraphics.h; sourceTree = "<group>"; };
		811E88FA243DCB7500E72633 /* ofTessellator.h */ = {isa = PBXFileReference; lastKnownFileType = sourcecode.c.h; path = ofTessellator.h; sourceTree = "<group>"; };
		811E88FC243DCB7500E72633 /* ofSoundStream.cpp */ = {isa = PBXFileReference; lastKnownFileType = sourcecode.cpp.cpp; path = ofSoundStream.cpp; sourceTree = "<group>"; };
		811E88FD243DCB7500E72633 /* ofSoundStream.h */ = {isa = PBXFileReference; lastKnownFileType = sourcecode.c.h; path = ofSoundStream.h; sourceTree = "<group>"; };
		811E88FE243DCB7500E72633 /* ofSoundPlayer.h */ = {isa = PBXFileReference; lastKnownFileType = sourcecode.c.h; path = ofSoundPlayer.h; sourceTree = "<group>"; };
		811E88FF243DCB7500E72633 /* ofOpenALSoundPlayer.h */ = {isa = PBXFileReference; lastKnownFileType = sourcecode.c.h; path = ofOpenALSoundPlayer.h; sourceTree = "<group>"; };
		811E8900243DCB7500E72633 /* ofRtAudioSoundStream.cpp */ = {isa = PBXFileReference; lastKnownFileType = sourcecode.cpp.cpp; path = ofRtAudioSoundStream.cpp; sourceTree = "<group>"; };
		811E8901243DCB7500E72633 /* ofFmodSoundPlayer.cpp */ = {isa = PBXFileReference; lastKnownFileType = sourcecode.cpp.cpp; path = ofFmodSoundPlayer.cpp; sourceTree = "<group>"; };
		811E8902243DCB7500E72633 /* ofSoundBaseTypes.cpp */ = {isa = PBXFileReference; lastKnownFileType = sourcecode.cpp.cpp; path = ofSoundBaseTypes.cpp; sourceTree = "<group>"; };
		811E8903243DCB7500E72633 /* ofOpenALSoundPlayer.cpp */ = {isa = PBXFileReference; lastKnownFileType = sourcecode.cpp.cpp; path = ofOpenALSoundPlayer.cpp; sourceTree = "<group>"; };
		811E8904243DCB7500E72633 /* ofSoundPlayer.cpp */ = {isa = PBXFileReference; lastKnownFileType = sourcecode.cpp.cpp; path = ofSoundPlayer.cpp; sourceTree = "<group>"; };
		811E8905243DCB7500E72633 /* ofRtAudioSoundStream.h */ = {isa = PBXFileReference; lastKnownFileType = sourcecode.c.h; path = ofRtAudioSoundStream.h; sourceTree = "<group>"; };
		811E8906243DCB7500E72633 /* ofSoundUtils.h */ = {isa = PBXFileReference; lastKnownFileType = sourcecode.c.h; path = ofSoundUtils.h; sourceTree = "<group>"; };
		811E8907243DCB7500E72633 /* ofSoundBuffer.h */ = {isa = PBXFileReference; lastKnownFileType = sourcecode.c.h; path = ofSoundBuffer.h; sourceTree = "<group>"; };
		811E8908243DCB7500E72633 /* ofFmodSoundPlayer.h */ = {isa = PBXFileReference; lastKnownFileType = sourcecode.c.h; path = ofFmodSoundPlayer.h; sourceTree = "<group>"; };
		811E8909243DCB7500E72633 /* ofSoundBuffer.cpp */ = {isa = PBXFileReference; lastKnownFileType = sourcecode.cpp.cpp; path = ofSoundBuffer.cpp; sourceTree = "<group>"; };
		811E890A243DCB7500E72633 /* ofSoundBaseTypes.h */ = {isa = PBXFileReference; lastKnownFileType = sourcecode.c.h; path = ofSoundBaseTypes.h; sourceTree = "<group>"; };
		8120E164243DC1AD0067086C /* LinkedListItem.cpp */ = {isa = PBXFileReference; fileEncoding = 4; lastKnownFileType = sourcecode.cpp.cpp; path = LinkedListItem.cpp; sourceTree = "<group>"; };
		8120E165243DC1AD0067086C /* Ball.cpp */ = {isa = PBXFileReference; fileEncoding = 4; lastKnownFileType = sourcecode.cpp.cpp; path = Ball.cpp; sourceTree = "<group>"; };
		8120E166243DC1AD0067086C /* EditLine.cpp */ = {isa = PBXFileReference; fileEncoding = 4; lastKnownFileType = sourcecode.cpp.cpp; path = EditLine.cpp; sourceTree = "<group>"; };
		8120E167243DC1AE0067086C /* LinkedList.cpp */ = {isa = PBXFileReference; fileEncoding = 4; lastKnownFileType = sourcecode.cpp.cpp; path = LinkedList.cpp; sourceTree = "<group>"; };
		8120E168243DC1AE0067086C /* V3.h */ = {isa = PBXFileReference; fileEncoding = 4; lastKnownFileType = sourcecode.c.h; path = V3.h; sourceTree = "<group>"; };
		8120E169243DC1AE0067086C /* LinkedListItem.h */ = {isa = PBXFileReference; fileEncoding = 4; lastKnownFileType = sourcecode.c.h; path = LinkedListItem.h; sourceTree = "<group>"; };
		8120E16A243DC1AE0067086C /* FileUtils.h */ = {isa = PBXFileReference; fileEncoding = 4; lastKnownFileType = sourcecode.c.h; path = FileUtils.h; sourceTree = "<group>"; };
		8120E16B243DC1AE0067086C /* LinkedList.h */ = {isa = PBXFileReference; fileEncoding = 4; lastKnownFileType = sourcecode.c.h; path = LinkedList.h; sourceTree = "<group>"; };
		8120E16C243DC1AE0067086C /* Ball.h */ = {isa = PBXFileReference; fileEncoding = 4; lastKnownFileType = sourcecode.c.h; path = Ball.h; sourceTree = "<group>"; };
		8120E16D243DC1AE0067086C /* V3.cpp */ = {isa = PBXFileReference; fileEncoding = 4; lastKnownFileType = sourcecode.cpp.cpp; path = V3.cpp; sourceTree = "<group>"; };
		8120E16E243DC1AE0067086C /* EditLine.h */ = {isa = PBXFileReference; fileEncoding = 4; lastKnownFileType = sourcecode.c.h; path = EditLine.h; sourceTree = "<group>"; };
		8120E16F243DC1AE0067086C /* FileUtils.cpp */ = {isa = PBXFileReference; fileEncoding = 4; lastKnownFileType = sourcecode.cpp.cpp; path = FileUtils.cpp; sourceTree = "<group>"; };
		E4B69B5B0A3A1756003C02F2 /* BallDroppingsDebug.app */ = {isa = PBXFileReference; explicitFileType = wrapper.application; includeInIndex = 0; path = BallDroppingsDebug.app; sourceTree = BUILT_PRODUCTS_DIR; };
		E4B69E1D0A3A1BDC003C02F2 /* main.cpp */ = {isa = PBXFileReference; fileEncoding = 4; lastKnownFileType = sourcecode.cpp.cpp; name = main.cpp; path = src/main.cpp; sourceTree = SOURCE_ROOT; };
		E4B69E1E0A3A1BDC003C02F2 /* ofApp.cpp */ = {isa = PBXFileReference; explicitFileType = sourcecode.cpp.cpp; fileEncoding = 4; name = ofApp.cpp; path = src/ofApp.cpp; sourceTree = SOURCE_ROOT; };
		E4B69E1F0A3A1BDC003C02F2 /* ofApp.h */ = {isa = PBXFileReference; fileEncoding = 4; lastKnownFileType = sourcecode.c.h; name = ofApp.h; path = src/ofApp.h; sourceTree = SOURCE_ROOT; };
		E4B6FCAD0C3E899E008CF71C /* openFrameworks-Info.plist */ = {isa = PBXFileReference; fileEncoding = 4; lastKnownFileType = text.plist.xml; path = "openFrameworks-Info.plist"; sourceTree = "<group>"; };
		E4EB6923138AFD0F00A09F29 /* Project.xcconfig */ = {isa = PBXFileReference; fileEncoding = 4; lastKnownFileType = text.xcconfig; path = Project.xcconfig; sourceTree = "<group>"; };
/* End PBXFileReference section */

/* Begin PBXFrameworksBuildPhase section */
		E4B69B590A3A1756003C02F2 /* Frameworks */ = {
			isa = PBXFrameworksBuildPhase;
			buildActionMask = 2147483647;
			files = (
			);
			runOnlyForDeploymentPostprocessing = 0;
		};
/* End PBXFrameworksBuildPhase section */

/* Begin PBXGroup section */
		6948EE371B920CB800B5AC1A /* local_addons */ = {
			isa = PBXGroup;
			children = (
			);
			name = local_addons;
			sourceTree = "<group>";
		};
		811E8841243DCB7500E72633 /* openFrameworks */ = {
			isa = PBXGroup;
			children = (
				811E8842243DCB7500E72633 /* 3d */,
				811E884F243DCB7500E72633 /* video */,
				811E8871243DCB7500E72633 /* types */,
				811E887E243DCB7500E72633 /* app */,
				811E8890243DCB7500E72633 /* ofMain.h */,
				811E8891243DCB7500E72633 /* utils */,
				811E88AA243DCB7500E72633 /* math */,
				811E88BA243DCB7500E72633 /* .settings */,
				811E88BC243DCB7500E72633 /* gl */,
				811E88D7243DCB7500E72633 /* communication */,
				811E88DC243DCB7500E72633 /* events */,
				811E88E1243DCB7500E72633 /* graphics */,
				811E88FB243DCB7500E72633 /* sound */,
			);
			name = openFrameworks;
			path = ../../../libs/openFrameworks;
			sourceTree = "<group>";
		};
		811E8842243DCB7500E72633 /* 3d */ = {
			isa = PBXGroup;
			children = (
				811E8843243DCB7500E72633 /* ofCamera.cpp */,
				811E8844243DCB7500E72633 /* ofMesh.h */,
				811E8845243DCB7500E72633 /* ofNode.h */,
				811E8846243DCB7500E72633 /* ofNode.cpp */,
				811E8847243DCB7500E72633 /* of3dPrimitives.cpp */,
				811E8848243DCB7500E72633 /* of3dUtils.h */,
				811E8849243DCB7500E72633 /* ofEasyCam.cpp */,
				811E884A243DCB7500E72633 /* ofCamera.h */,
				811E884B243DCB7500E72633 /* ofMesh.inl */,
				811E884C243DCB7500E72633 /* of3dUtils.cpp */,
				811E884D243DCB7500E72633 /* of3dPrimitives.h */,
				811E884E243DCB7500E72633 /* ofEasyCam.h */,
			);
			path = 3d;
			sourceTree = "<group>";
		};
		811E884F243DCB7500E72633 /* video */ = {
			isa = PBXGroup;
			children = (
				811E8850243DCB7500E72633 /* ofDirectShowGrabber.h */,
				811E8851243DCB7500E72633 /* ofAVFoundationGrabber.h */,
				811E8852243DCB7500E72633 /* ofVideoPlayer.h */,
				811E8853243DCB7500E72633 /* ofAVFoundationPlayer.h */,
				811E8854243DCB7500E72633 /* ofQtUtils.cpp */,
				811E8855243DCB7500E72633 /* ofQTKitGrabber.mm */,
				811E8856243DCB7500E72633 /* ofQuickTimeGrabber.cpp */,
				811E8857243DCB7500E72633 /* ofGstVideoPlayer.cpp */,
				811E8858243DCB7500E72633 /* ofAVFoundationVideoPlayer.h */,
				811E8859243DCB7500E72633 /* ofAVFoundationGrabber.mm */,
				811E885A243DCB7500E72633 /* ofQTKitMovieRenderer.h */,
				811E885B243DCB7500E72633 /* ofVideoPlayer.cpp */,
				811E885C243DCB7500E72633 /* ofQTKitGrabber.h */,
				811E885D243DCB7500E72633 /* ofDirectShowPlayer.cpp */,
				811E885E243DCB7500E72633 /* ofQuickTimeGrabber.h */,
				811E885F243DCB7500E72633 /* ofGstUtils.cpp */,
				811E8860243DCB7500E72633 /* ofQuickTimePlayer.cpp */,
				811E8861243DCB7500E72633 /* ofVideoGrabber.h */,
				811E8862243DCB7500E72633 /* ofQTKitPlayer.h */,
				811E8863243DCB7500E72633 /* ofGstVideoPlayer.h */,
				811E8864243DCB7500E72633 /* ofQtUtils.h */,
				811E8865243DCB7500E72633 /* ofAVFoundationPlayer.mm */,
				811E8866243DCB7500E72633 /* ofQuickTimePlayer.h */,
				811E8867243DCB7500E72633 /* ofVideoGrabber.cpp */,
				811E8868243DCB7500E72633 /* ofGstVideoGrabber.cpp */,
				811E8869243DCB7500E72633 /* ofDirectShowGrabber.cpp */,
				811E886A243DCB7500E72633 /* ofGstUtils.h */,
				811E886B243DCB7500E72633 /* ofDirectShowPlayer.h */,
				811E886C243DCB7500E72633 /* ofQTKitPlayer.mm */,
				811E886D243DCB7500E72633 /* ofQTKitMovieRenderer.m */,
				811E886E243DCB7500E72633 /* ofAVFoundationVideoPlayer.m */,
				811E886F243DCB7500E72633 /* ofGstVideoGrabber.h */,
				811E8870243DCB7500E72633 /* ofVideoBaseTypes.h */,
			);
			path = video;
			sourceTree = "<group>";
		};
		811E8871243DCB7500E72633 /* types */ = {
			isa = PBXGroup;
			children = (
				811E8872243DCB7500E72633 /* ofParameterGroup.h */,
				811E8873243DCB7500E72633 /* ofColor.h */,
				811E8874243DCB7500E72633 /* ofRectangle.cpp */,
				811E8875243DCB7500E72633 /* ofPoint.h */,
				811E8876243DCB7500E72633 /* ofTypes.h */,
				811E8877243DCB7500E72633 /* ofRectangle.h */,
				811E8878243DCB7500E72633 /* ofBaseTypes.cpp */,
				811E8879243DCB7500E72633 /* ofParameterGroup.cpp */,
				811E887A243DCB7500E72633 /* ofParameter.h */,
				811E887B243DCB7500E72633 /* ofColor.cpp */,
				811E887C243DCB7500E72633 /* ofParameter.cpp */,
				811E887D243DCB7500E72633 /* ofBaseTypes.h */,
			);
			path = types;
			sourceTree = "<group>";
		};
		811E887E243DCB7500E72633 /* app */ = {
			isa = PBXGroup;
			children = (
				811E887F243DCB7500E72633 /* ofMainLoop.h */,
				811E8880243DCB7500E72633 /* ofBaseApp.cpp */,
				811E8881243DCB7500E72633 /* ofAppGlutWindow.cpp */,
				811E8882243DCB7500E72633 /* ofWindowSettings.h */,
				811E8883243DCB7500E72633 /* ofAppEGLWindow.cpp */,
				811E8884243DCB7500E72633 /* ofAppBaseWindow.h */,
				811E8885243DCB7500E72633 /* ofIcon.h */,
				811E8886243DCB7500E72633 /* ofAppNoWindow.h */,
				811E8887243DCB7500E72633 /* ofBaseApp.h */,
				811E8888243DCB7500E72633 /* ofAppEGLWindow.h */,
				811E8889243DCB7500E72633 /* ofMainLoop.cpp */,
				811E888A243DCB7500E72633 /* ofAppRunner.h */,
				811E888B243DCB7500E72633 /* ofAppNoWindow.cpp */,
				811E888C243DCB7500E72633 /* ofAppGLFWWindow.cpp */,
				811E888D243DCB7500E72633 /* ofAppGlutWindow.h */,
				811E888E243DCB7500E72633 /* ofAppRunner.cpp */,
				811E888F243DCB7500E72633 /* ofAppGLFWWindow.h */,
			);
			path = app;
			sourceTree = "<group>";
		};
		811E8891243DCB7500E72633 /* utils */ = {
			isa = PBXGroup;
			children = (
				811E8892243DCB7500E72633 /* ofThreadChannel.h */,
				811E8893243DCB7500E72633 /* ofThread.cpp */,
				811E8894243DCB7500E72633 /* ofFpsCounter.cpp */,
				811E8895243DCB7500E72633 /* ofURLFileLoader.cpp */,
				811E8896243DCB7500E72633 /* ofConstants.h */,
				811E8897243DCB7500E72633 /* ofXml.h */,
				811E8898243DCB7500E72633 /* ofFpsCounter.h */,
				811E8899243DCB7500E72633 /* ofLog.h */,
				811E889A243DCB7500E72633 /* ofSystemUtils.h */,
				811E889B243DCB7500E72633 /* ofSystemUtils.cpp */,
				811E889C243DCB7500E72633 /* ofUtils.h */,
				811E889D243DCB7500E72633 /* ofNoise.h */,
				811E889E243DCB7500E72633 /* ofLog.cpp */,
				811E889F243DCB7500E72633 /* ofTimer.cpp */,
				811E88A0243DCB7500E72633 /* ofFileUtils.h */,
				811E88A1243DCB7500E72633 /* ofThread.h */,
				811E88A2243DCB7500E72633 /* ofURLFileLoader.h */,
				811E88A3243DCB7500E72633 /* ofJson.h */,
				811E88A4243DCB7500E72633 /* ofFileUtils.cpp */,
				811E88A5243DCB7500E72633 /* ofMatrixStack.cpp */,
				811E88A6243DCB7500E72633 /* ofUtils.cpp */,
				811E88A7243DCB7500E72633 /* ofXml.cpp */,
				811E88A8243DCB7500E72633 /* ofMatrixStack.h */,
				811E88A9243DCB7500E72633 /* ofTimer.h */,
			);
			path = utils;
			sourceTree = "<group>";
		};
		811E88AA243DCB7500E72633 /* math */ = {
			isa = PBXGroup;
			children = (
				811E88AB243DCB7500E72633 /* ofVec2f.cpp */,
				811E88AC243DCB7500E72633 /* ofVec4f.cpp */,
				811E88AD243DCB7500E72633 /* ofVec4f.h */,
				811E88AE243DCB7500E72633 /* ofMath.cpp */,
				811E88AF243DCB7500E72633 /* ofMathConstants.h */,
				811E88B0243DCB7500E72633 /* ofMatrix4x4.h */,
				811E88B1243DCB7500E72633 /* ofVec3f.h */,
				811E88B2243DCB7500E72633 /* ofMatrix3x3.cpp */,
				811E88B3243DCB7500E72633 /* ofMath.h */,
				811E88B4243DCB7500E72633 /* ofQuaternion.h */,
				811E88B5243DCB7500E72633 /* ofVectorMath.h */,
				811E88B6243DCB7500E72633 /* ofQuaternion.cpp */,
				811E88B7243DCB7500E72633 /* ofVec2f.h */,
				811E88B8243DCB7500E72633 /* ofMatrix4x4.cpp */,
				811E88B9243DCB7500E72633 /* ofMatrix3x3.h */,
			);
			path = math;
			sourceTree = "<group>";
		};
		811E88BA243DCB7500E72633 /* .settings */ = {
			isa = PBXGroup;
			children = (
				811E88BB243DCB7500E72633 /* language.settings.xml */,
			);
			path = .settings;
			sourceTree = "<group>";
		};
		811E88BC243DCB7500E72633 /* gl */ = {
			isa = PBXGroup;
			children = (
				811E88BD243DCB7500E72633 /* ofVboMesh.h */,
				811E88BE243DCB7500E72633 /* ofTexture.h */,
				811E88BF243DCB7500E72633 /* ofShader.h */,
				811E88C0243DCB7500E72633 /* ofMaterial.cpp */,
				811E88C1243DCB7500E72633 /* ofFbo.cpp */,
				811E88C2243DCB7500E72633 /* ofLight.h */,
				811E88C3243DCB7500E72633 /* ofMaterial.h */,
				811E88C4243DCB7500E72633 /* ofShader.cpp */,
				811E88C5243DCB7500E72633 /* ofBufferObject.cpp */,
				811E88C6243DCB7500E72633 /* ofVboMesh.cpp */,
				811E88C7243DCB7500E72633 /* ofGLUtils.cpp */,
				811E88C8243DCB7500E72633 /* ofVbo.h */,
				811E88C9243DCB7500E72633 /* ofLight.cpp */,
				811E88CA243DCB7500E72633 /* ofBufferObject.h */,
				811E88CB243DCB7500E72633 /* ofGLProgrammableRenderer.cpp */,
				811E88CC243DCB7500E72633 /* shaders */,
				811E88CF243DCB7500E72633 /* ofFbo.h */,
				811E88D0243DCB7500E72633 /* ofGLBaseTypes.h */,
				811E88D1243DCB7500E72633 /* ofVbo.cpp */,
				811E88D2243DCB7500E72633 /* ofGLProgrammableRenderer.h */,
				811E88D3243DCB7500E72633 /* ofTexture.cpp */,
				811E88D4243DCB7500E72633 /* ofGLUtils.h */,
				811E88D5243DCB7500E72633 /* ofGLRenderer.cpp */,
				811E88D6243DCB7500E72633 /* ofGLRenderer.h */,
			);
			path = gl;
			sourceTree = "<group>";
		};
		811E88CC243DCB7500E72633 /* shaders */ = {
			isa = PBXGroup;
			children = (
				811E88CD243DCB7500E72633 /* phong.frag */,
				811E88CE243DCB7500E72633 /* phong.vert */,
			);
			path = shaders;
			sourceTree = "<group>";
		};
		811E88D7243DCB7500E72633 /* communication */ = {
			isa = PBXGroup;
			children = (
				811E88D8243DCB7500E72633 /* ofArduino.h */,
				811E88D9243DCB7500E72633 /* ofSerial.cpp */,
				811E88DA243DCB7500E72633 /* ofSerial.h */,
				811E88DB243DCB7500E72633 /* ofArduino.cpp */,
			);
			path = communication;
			sourceTree = "<group>";
		};
		811E88DC243DCB7500E72633 /* events */ = {
			isa = PBXGroup;
			children = (
				811E88DD243DCB7500E72633 /* ofEventUtils.h */,
				811E88DE243DCB7500E72633 /* ofEvent.h */,
				811E88DF243DCB7500E72633 /* ofEvents.h */,
				811E88E0243DCB7500E72633 /* ofEvents.cpp */,
			);
			path = events;
			sourceTree = "<group>";
		};
		811E88E1243DCB7500E72633 /* graphics */ = {
			isa = PBXGroup;
			children = (
				811E88E2243DCB7500E72633 /* ofGraphicsBaseTypes.h */,
				811E88E3243DCB7500E72633 /* ofPath.h */,
				811E88E4243DCB7500E72633 /* ofBitmapFont.cpp */,
				811E88E5243DCB7500E72633 /* ofTrueTypeFont.h */,
				811E88E6243DCB7500E72633 /* ofTessellator.cpp */,
				811E88E7243DCB7500E72633 /* ofGraphics.cpp */,
				811E88E8243DCB7500E72633 /* ofPolyline.h */,
				811E88E9243DCB7500E72633 /* ofGraphicsBaseTypes.cpp */,
				811E88EA243DCB7500E72633 /* ofCairoRenderer.cpp */,
				811E88EB243DCB7500E72633 /* ofRendererCollection.cpp */,
				811E88EC243DCB7500E72633 /* ofPath.cpp */,
				811E88ED243DCB7500E72633 /* ofPixels.cpp */,
				811E88EE243DCB7500E72633 /* ofPolyline.inl */,
				811E88EF243DCB7500E72633 /* of3dGraphics.cpp */,
				811E88F0243DCB7500E72633 /* ofImage.h */,
				811E88F1243DCB7500E72633 /* ofPixels.h */,
				811E88F2243DCB7500E72633 /* ofCairoRenderer.h */,
				811E88F3243DCB7500E72633 /* ofBitmapFont.h */,
				811E88F4243DCB7500E72633 /* ofTrueTypeFont.cpp */,
				811E88F5243DCB7500E72633 /* ofRendererCollection.h */,
				811E88F6243DCB7500E72633 /* ofGraphics.h */,
				811E88F7243DCB7500E72633 /* ofGraphicsConstants.h */,
				811E88F8243DCB7500E72633 /* ofImage.cpp */,
				811E88F9243DCB7500E72633 /* of3dGraphics.h */,
				811E88FA243DCB7500E72633 /* ofTessellator.h */,
			);
			path = graphics;
			sourceTree = "<group>";
		};
		811E88FB243DCB7500E72633 /* sound */ = {
			isa = PBXGroup;
			children = (
				811E88FC243DCB7500E72633 /* ofSoundStream.cpp */,
				811E88FD243DCB7500E72633 /* ofSoundStream.h */,
				811E88FE243DCB7500E72633 /* ofSoundPlayer.h */,
				811E88FF243DCB7500E72633 /* ofOpenALSoundPlayer.h */,
				811E8900243DCB7500E72633 /* ofRtAudioSoundStream.cpp */,
				811E8901243DCB7500E72633 /* ofFmodSoundPlayer.cpp */,
				811E8902243DCB7500E72633 /* ofSoundBaseTypes.cpp */,
				811E8903243DCB7500E72633 /* ofOpenALSoundPlayer.cpp */,
				811E8904243DCB7500E72633 /* ofSoundPlayer.cpp */,
				811E8905243DCB7500E72633 /* ofRtAudioSoundStream.h */,
				811E8906243DCB7500E72633 /* ofSoundUtils.h */,
				811E8907243DCB7500E72633 /* ofSoundBuffer.h */,
				811E8908243DCB7500E72633 /* ofFmodSoundPlayer.h */,
				811E8909243DCB7500E72633 /* ofSoundBuffer.cpp */,
				811E890A243DCB7500E72633 /* ofSoundBaseTypes.h */,
			);
			path = sound;
			sourceTree = "<group>";
		};
		BB4B014C10F69532006C3DED /* addons */ = {
			isa = PBXGroup;
			children = (
			);
			name = addons;
			sourceTree = "<group>";
		};
		E4B69B4A0A3A1720003C02F2 = {
			isa = PBXGroup;
			children = (
				E4B6FCAD0C3E899E008CF71C /* openFrameworks-Info.plist */,
				E4EB6923138AFD0F00A09F29 /* Project.xcconfig */,
				E4B69E1C0A3A1BDC003C02F2 /* src */,
				BB4B014C10F69532006C3DED /* addons */,
				6948EE371B920CB800B5AC1A /* local_addons */,
				811E8841243DCB7500E72633 /* openFrameworks */,
				E4B69B5B0A3A1756003C02F2 /* BallDroppingsDebug.app */,
			);
			sourceTree = "<group>";
		};
		E4B69E1C0A3A1BDC003C02F2 /* src */ = {
			isa = PBXGroup;
			children = (
				8120E165243DC1AD0067086C /* Ball.cpp */,
				8120E16C243DC1AE0067086C /* Ball.h */,
				8120E166243DC1AD0067086C /* EditLine.cpp */,
				8120E16E243DC1AE0067086C /* EditLine.h */,
				8120E16F243DC1AE0067086C /* FileUtils.cpp */,
				8120E16A243DC1AE0067086C /* FileUtils.h */,
				8120E167243DC1AE0067086C /* LinkedList.cpp */,
				8120E16B243DC1AE0067086C /* LinkedList.h */,
				8120E164243DC1AD0067086C /* LinkedListItem.cpp */,
				8120E169243DC1AE0067086C /* LinkedListItem.h */,
				8120E16D243DC1AE0067086C /* V3.cpp */,
				8120E168243DC1AE0067086C /* V3.h */,
				E4B69E1D0A3A1BDC003C02F2 /* main.cpp */,
				E4B69E1E0A3A1BDC003C02F2 /* ofApp.cpp */,
				E4B69E1F0A3A1BDC003C02F2 /* ofApp.h */,
			);
			path = src;
			sourceTree = SOURCE_ROOT;
		};
/* End PBXGroup section */

/* Begin PBXNativeTarget section */
		E4B69B5A0A3A1756003C02F2 /* BallDroppings */ = {
			isa = PBXNativeTarget;
			buildConfigurationList = E4B69B5F0A3A1757003C02F2 /* Build configuration list for PBXNativeTarget "BallDroppings" */;
			buildPhases = (
				E42962A92163ECCD00A6A9E2 /* ShellScript */,
				E4B69B580A3A1756003C02F2 /* Sources */,
				E4B69B590A3A1756003C02F2 /* Frameworks */,
				E4B6FFFD0C3F9AB9008CF71C /* ShellScript */,
				E4C2427710CC5ABF004149E2 /* CopyFiles */,
				8466F1851C04CA0E00918B1C /* ShellScript */,
			);
			buildRules = (
			);
			dependencies = (
			);
			name = BallDroppings;
			productName = myOFApp;
			productReference = E4B69B5B0A3A1756003C02F2 /* BallDroppingsDebug.app */;
			productType = "com.apple.product-type.application";
		};
/* End PBXNativeTarget section */

/* Begin PBXProject section */
		E4B69B4C0A3A1720003C02F2 /* Project object */ = {
			isa = PBXProject;
			attributes = {
				LastUpgradeCheck = 0600;
			};
			buildConfigurationList = E4B69B4D0A3A1720003C02F2 /* Build configuration list for PBXProject "BallDroppings" */;
			compatibilityVersion = "Xcode 3.2";
			developmentRegion = English;
			hasScannedForEncodings = 0;
			knownRegions = (
				English,
				Japanese,
				French,
				German,
			);
			mainGroup = E4B69B4A0A3A1720003C02F2;
			productRefGroup = E4B69B4A0A3A1720003C02F2;
			projectDirPath = "";
			projectRoot = "";
			targets = (
				E4B69B5A0A3A1756003C02F2 /* BallDroppings */,
			);
		};
/* End PBXProject section */

/* Begin PBXShellScriptBuildPhase section */
		8466F1851C04CA0E00918B1C /* ShellScript */ = {
			isa = PBXShellScriptBuildPhase;
			buildActionMask = 12;
			files = (
			);
			inputPaths = (
			);
			outputPaths = (
			);
			runOnlyForDeploymentPostprocessing = 0;
			shellPath = /bin/sh;
			shellScript = "echo \"$GCC_PREPROCESSOR_DEFINITIONS\";\nAPPSTORE=`expr \"$GCC_PREPROCESSOR_DEFINITIONS\" : \".*APPSTORE=\\([0-9]*\\)\"`\nif [ -z \"$APPSTORE\" ] ; then\necho \"Note: Not copying bin/data to App Package or doing App Code signing. Use AppStore target for AppStore distribution\";\nelse\n# Copy bin/data into App/Resources\nrsync -avz --exclude='.DS_Store' \"${SRCROOT}/bin/data/\" \"${TARGET_BUILD_DIR}/${UNLOCALIZED_RESOURCES_FOLDER_PATH}/data/\"\n\n# ---- Code Sign App Package ----\n\n# WARNING: You may have to run Clean in Xcode after changing CODE_SIGN_IDENTITY!\n\n# Verify that $CODE_SIGN_IDENTITY is set\nif [ -z \"${CODE_SIGN_IDENTITY}\" ] ; then\necho \"CODE_SIGN_IDENTITY needs to be set for framework code-signing\"\nexit 0\nfi\n\nif [ -z \"${CODE_SIGN_ENTITLEMENTS}\" ] ; then\necho \"CODE_SIGN_ENTITLEMENTS needs to be set for framework code-signing!\"\n\nif [ \"${CONFIGURATION}\" = \"Release\" ] ; then\nexit 1\nelse\n# Code-signing is optional for non-release builds.\nexit 0\nfi\nfi\n\nITEMS=\"\"\n\nFRAMEWORKS_DIR=\"${TARGET_BUILD_DIR}/${FRAMEWORKS_FOLDER_PATH}\"\necho \"$FRAMEWORKS_DIR\"\nif [ -d \"$FRAMEWORKS_DIR\" ] ; then\nFRAMEWORKS=$(find \"${FRAMEWORKS_DIR}\" -depth -type d -name \"*.framework\" -or -name \"*.dylib\" -or -name \"*.bundle\" | sed -e \"s/\\(.*framework\\)/\\1\\/Versions\\/A\\//\")\nRESULT=$?\nif [[ $RESULT != 0 ]] ; then\nexit 1\nfi\n\nITEMS=\"${FRAMEWORKS}\"\nfi\n\nLOGINITEMS_DIR=\"${TARGET_BUILD_DIR}/${CONTENTS_FOLDER_PATH}/Library/LoginItems/\"\nif [ -d \"$LOGINITEMS_DIR\" ] ; then\nLOGINITEMS=$(find \"${LOGINITEMS_DIR}\" -depth -type d -name \"*.app\")\nRESULT=$?\nif [[ $RESULT != 0 ]] ; then\nexit 1\nfi\n\nITEMS=\"${ITEMS}\"$'\\n'\"${LOGINITEMS}\"\nfi\n\n# Prefer the expanded name, if available.\nCODE_SIGN_IDENTITY_FOR_ITEMS=\"${EXPANDED_CODE_SIGN_IDENTITY_NAME}\"\nif [ \"${CODE_SIGN_IDENTITY_FOR_ITEMS}\" = \"\" ] ; then\n# Fall back to old behavior.\nCODE_SIGN_IDENTITY_FOR_ITEMS=\"${CODE_SIGN_IDENTITY}\"\nfi\n\necho \"Identity:\"\necho \"${CODE_SIGN_IDENTITY_FOR_ITEMS}\"\n\necho \"Entitlements:\"\necho \"${CODE_SIGN_ENTITLEMENTS}\"\n\necho \"Found:\"\necho \"${ITEMS}\"\n\n# Change the Internal Field Separator (IFS) so that spaces in paths will not cause problems below.\nSAVED_IFS=$IFS\nIFS=$(echo -en \"\\n\\b\")\n\n# Loop through all items.\nfor ITEM in $ITEMS;\ndo\necho \"Signing '${ITEM}'\"\ncodesign --force --verbose --sign \"${CODE_SIGN_IDENTITY_FOR_ITEMS}\" --entitlements \"${CODE_SIGN_ENTITLEMENTS}\" \"${ITEM}\"\nRESULT=$?\nif [[ $RESULT != 0 ]] ; then\necho \"Failed to sign '${ITEM}'.\"\nIFS=$SAVED_IFS\nexit 1\nfi\ndone\n\n# Restore $IFS.\nIFS=$SAVED_IFS\n\nfi\n";
		};
		E42962A92163ECCD00A6A9E2 /* ShellScript */ = {
			isa = PBXShellScriptBuildPhase;
			buildActionMask = 2147483647;
			files = (
			);
			inputPaths = (
			);
			outputPaths = (
			);
			runOnlyForDeploymentPostprocessing = 0;
			shellPath = /bin/sh;
			shellScript = "xcodebuild -project \"$OF_PATH/libs/openFrameworksCompiled/project/osx/openFrameworksLib.xcodeproj\" -target openFrameworks -configuration \"${CONFIGURATION}\"\n";
		};
		E4B6FFFD0C3F9AB9008CF71C /* ShellScript */ = {
			isa = PBXShellScriptBuildPhase;
			buildActionMask = 2147483647;
			files = (
			);
			inputPaths = (
			);
			outputPaths = (
			);
			runOnlyForDeploymentPostprocessing = 0;
			shellPath = /bin/sh;
			shellScript = "mkdir -p \"$TARGET_BUILD_DIR/$PRODUCT_NAME.app/Contents/Resources/\"\n# Copy default icon file into App/Resources\nrsync -aved \"$ICON_FILE\" \"$TARGET_BUILD_DIR/$PRODUCT_NAME.app/Contents/Resources/\"\n# Copy libfmod and change install directory for fmod to run\nrsync -aved \"$OF_PATH/libs/fmodex/lib/osx/libfmodex.dylib\" \"$TARGET_BUILD_DIR/$PRODUCT_NAME.app/Contents/Frameworks/\";\ninstall_name_tool -change @executable_path/libfmodex.dylib @executable_path/../Frameworks/libfmodex.dylib \"$TARGET_BUILD_DIR/$PRODUCT_NAME.app/Contents/MacOS/$PRODUCT_NAME\";\n\necho \"$GCC_PREPROCESSOR_DEFINITIONS\";\n";
		};
/* End PBXShellScriptBuildPhase section */

/* Begin PBXSourcesBuildPhase section */
		E4B69B580A3A1756003C02F2 /* Sources */ = {
			isa = PBXSourcesBuildPhase;
			buildActionMask = 2147483647;
			files = (
				8120E171243DC1AE0067086C /* Ball.cpp in Sources */,
				8120E174243DC1AE0067086C /* V3.cpp in Sources */,
				8120E170243DC1AE0067086C /* LinkedListItem.cpp in Sources */,
				E4B69E200A3A1BDC003C02F2 /* main.cpp in Sources */,
				E4B69E210A3A1BDC003C02F2 /* ofApp.cpp in Sources */,
				8120E173243DC1AE0067086C /* LinkedList.cpp in Sources */,
				8120E172243DC1AE0067086C /* EditLine.cpp in Sources */,
				8120E175243DC1AE0067086C /* FileUtils.cpp in Sources */,
			);
			runOnlyForDeploymentPostprocessing = 0;
		};
/* End PBXSourcesBuildPhase section */

/* Begin XCBuildConfiguration section */
		99FA3DBB1C7456C400CFA0EE /* AppStore */ = {
			isa = XCBuildConfiguration;
			baseConfigurationReference = E4EB6923138AFD0F00A09F29 /* Project.xcconfig */;
			buildSettings = {
				CONFIGURATION_BUILD_DIR = "$(SRCROOT)/bin/";
				COPY_PHASE_STRIP = YES;
				DEAD_CODE_STRIPPING = YES;
				GCC_AUTO_VECTORIZATION = YES;
				GCC_ENABLE_SSE3_EXTENSIONS = YES;
				GCC_ENABLE_SUPPLEMENTAL_SSE3_INSTRUCTIONS = YES;
				GCC_INLINES_ARE_PRIVATE_EXTERN = NO;
				GCC_OPTIMIZATION_LEVEL = 3;
				"GCC_PREPROCESSOR_DEFINITIONS[arch=*]" = "DISTRIBUTION=1";
				GCC_SYMBOLS_PRIVATE_EXTERN = NO;
				GCC_UNROLL_LOOPS = YES;
				GCC_WARN_ABOUT_DEPRECATED_FUNCTIONS = YES;
				GCC_WARN_ABOUT_INVALID_OFFSETOF_MACRO = NO;
				GCC_WARN_ALLOW_INCOMPLETE_PROTOCOL = NO;
				GCC_WARN_UNINITIALIZED_AUTOS = NO;
				GCC_WARN_UNUSED_VALUE = NO;
				GCC_WARN_UNUSED_VARIABLE = NO;
				HEADER_SEARCH_PATHS = (
					"$(OF_CORE_HEADERS)",
					src,
				);
				MACOSX_DEPLOYMENT_TARGET = 10.9;
				OTHER_CPLUSPLUSFLAGS = (
					"-D__MACOSX_CORE__",
					"-mtune=native",
				);
				SDKROOT = macosx;
			};
			name = AppStore;
		};
		99FA3DBC1C7456C400CFA0EE /* AppStore */ = {
			isa = XCBuildConfiguration;
			baseConfigurationReference = E4EB6923138AFD0F00A09F29 /* Project.xcconfig */;
			buildSettings = {
				COMBINE_HIDPI_IMAGES = YES;
				COPY_PHASE_STRIP = YES;
				FRAMEWORK_SEARCH_PATHS = "$(inherited)";
				GCC_GENERATE_DEBUGGING_SYMBOLS = YES;
				GCC_MODEL_TUNING = NONE;
				"GCC_PREPROCESSOR_DEFINITIONS[arch=*]" = "APPSTORE=1";
				HEADER_SEARCH_PATHS = (
					"$(OF_CORE_HEADERS)",
					src,
				);
				ICON = "$(ICON_NAME_RELEASE)";
				ICON_FILE = "$(ICON_FILE_PATH)$(ICON)";
				INFOPLIST_FILE = "openFrameworks-Info.plist";
				INSTALL_PATH = /Applications;
				LIBRARY_SEARCH_PATHS = "$(inherited)";
				OF_PATH = ../../..;
				OTHER_LDFLAGS = (
					"$(OF_CORE_LIBS)",
					"$(OF_CORE_FRAMEWORKS)",
					"$(LIB_OF)",
				);
				PRODUCT_NAME = "$(TARGET_NAME)";
				WRAPPER_EXTENSION = app;
				baseConfigurationReference = E4EB6923138AFD0F00A09F29;
			};
			name = AppStore;
		};
		E4B69B4E0A3A1720003C02F2 /* Debug */ = {
			isa = XCBuildConfiguration;
			baseConfigurationReference = E4EB6923138AFD0F00A09F29 /* Project.xcconfig */;
			buildSettings = {
				CONFIGURATION_BUILD_DIR = "$(SRCROOT)/bin/";
				COPY_PHASE_STRIP = NO;
				DEAD_CODE_STRIPPING = YES;
				GCC_AUTO_VECTORIZATION = YES;
				GCC_ENABLE_SSE3_EXTENSIONS = YES;
				GCC_ENABLE_SUPPLEMENTAL_SSE3_INSTRUCTIONS = YES;
				GCC_INLINES_ARE_PRIVATE_EXTERN = NO;
				GCC_OPTIMIZATION_LEVEL = 0;
				GCC_SYMBOLS_PRIVATE_EXTERN = NO;
				GCC_WARN_ABOUT_DEPRECATED_FUNCTIONS = YES;
				GCC_WARN_ABOUT_INVALID_OFFSETOF_MACRO = NO;
				GCC_WARN_ALLOW_INCOMPLETE_PROTOCOL = NO;
				GCC_WARN_UNINITIALIZED_AUTOS = NO;
				GCC_WARN_UNUSED_VALUE = NO;
				GCC_WARN_UNUSED_VARIABLE = NO;
				HEADER_SEARCH_PATHS = (
					"$(OF_CORE_HEADERS)",
					src,
				);
				MACOSX_DEPLOYMENT_TARGET = 10.9;
				ONLY_ACTIVE_ARCH = YES;
				OTHER_CPLUSPLUSFLAGS = (
					"-D__MACOSX_CORE__",
					"-mtune=native",
				);
				SDKROOT = macosx;
			};
			name = Debug;
		};
		E4B69B4F0A3A1720003C02F2 /* Release */ = {
			isa = XCBuildConfiguration;
			baseConfigurationReference = E4EB6923138AFD0F00A09F29 /* Project.xcconfig */;
			buildSettings = {
				CONFIGURATION_BUILD_DIR = "$(SRCROOT)/bin/";
				COPY_PHASE_STRIP = YES;
				DEAD_CODE_STRIPPING = YES;
				GCC_AUTO_VECTORIZATION = YES;
				GCC_ENABLE_SSE3_EXTENSIONS = YES;
				GCC_ENABLE_SUPPLEMENTAL_SSE3_INSTRUCTIONS = YES;
				GCC_INLINES_ARE_PRIVATE_EXTERN = NO;
				GCC_OPTIMIZATION_LEVEL = 3;
				GCC_SYMBOLS_PRIVATE_EXTERN = NO;
				GCC_UNROLL_LOOPS = YES;
				GCC_WARN_ABOUT_DEPRECATED_FUNCTIONS = YES;
				GCC_WARN_ABOUT_INVALID_OFFSETOF_MACRO = NO;
				GCC_WARN_ALLOW_INCOMPLETE_PROTOCOL = NO;
				GCC_WARN_UNINITIALIZED_AUTOS = NO;
				GCC_WARN_UNUSED_VALUE = NO;
				GCC_WARN_UNUSED_VARIABLE = NO;
				HEADER_SEARCH_PATHS = (
					"$(OF_CORE_HEADERS)",
					src,
				);
				MACOSX_DEPLOYMENT_TARGET = 10.9;
				OTHER_CPLUSPLUSFLAGS = (
					"-D__MACOSX_CORE__",
					"-mtune=native",
				);
				SDKROOT = macosx;
			};
			name = Release;
		};
		E4B69B600A3A1757003C02F2 /* Debug */ = {
			isa = XCBuildConfiguration;
			baseConfigurationReference = E4EB6923138AFD0F00A09F29 /* Project.xcconfig */;
			buildSettings = {
				COMBINE_HIDPI_IMAGES = YES;
				COPY_PHASE_STRIP = NO;
				FRAMEWORK_SEARCH_PATHS = "$(inherited)";
				GCC_DYNAMIC_NO_PIC = NO;
				GCC_GENERATE_DEBUGGING_SYMBOLS = YES;
				GCC_MODEL_TUNING = NONE;
				HEADER_SEARCH_PATHS = (
					"$(OF_CORE_HEADERS)",
					src,
				);
				ICON = "$(ICON_NAME_DEBUG)";
				ICON_FILE = "$(ICON_FILE_PATH)$(ICON)";
				INFOPLIST_FILE = "openFrameworks-Info.plist";
				INSTALL_PATH = /Applications;
				LIBRARY_SEARCH_PATHS = "$(inherited)";
				OF_PATH = ../../..;
				OTHER_LDFLAGS = (
					"$(OF_CORE_LIBS)",
					"$(OF_CORE_FRAMEWORKS)",
					"$(LIB_OF_DEBUG)",
				);
				PRODUCT_NAME = "$(TARGET_NAME)Debug";
				WRAPPER_EXTENSION = app;
			};
			name = Debug;
		};
		E4B69B610A3A1757003C02F2 /* Release */ = {
			isa = XCBuildConfiguration;
			baseConfigurationReference = E4EB6923138AFD0F00A09F29 /* Project.xcconfig */;
			buildSettings = {
				COMBINE_HIDPI_IMAGES = YES;
				COPY_PHASE_STRIP = YES;
				FRAMEWORK_SEARCH_PATHS = "$(inherited)";
				GCC_GENERATE_DEBUGGING_SYMBOLS = YES;
				GCC_MODEL_TUNING = NONE;
				HEADER_SEARCH_PATHS = (
					"$(OF_CORE_HEADERS)",
					src,
				);
				ICON = "$(ICON_NAME_RELEASE)";
				ICON_FILE = "$(ICON_FILE_PATH)$(ICON)";
				INFOPLIST_FILE = "openFrameworks-Info.plist";
				INSTALL_PATH = /Applications;
				LIBRARY_SEARCH_PATHS = "$(inherited)";
				OF_PATH = ../../..;
				OTHER_LDFLAGS = (
					"$(OF_CORE_LIBS)",
					"$(OF_CORE_FRAMEWORKS)",
					"$(LIB_OF)",
				);
				PRODUCT_NAME = "$(TARGET_NAME)";
				WRAPPER_EXTENSION = app;
				baseConfigurationReference = E4EB6923138AFD0F00A09F29;
			};
			name = Release;
		};
/* End XCBuildConfiguration section */

/* Begin XCConfigurationList section */
		E4B69B4D0A3A1720003C02F2 /* Build configuration list for PBXProject "BallDroppings" */ = {
			isa = XCConfigurationList;
			buildConfigurations = (
				E4B69B4E0A3A1720003C02F2 /* Debug */,
				E4B69B4F0A3A1720003C02F2 /* Release */,
				99FA3DBB1C7456C400CFA0EE /* AppStore */,
			);
			defaultConfigurationIsVisible = 0;
			defaultConfigurationName = Release;
		};
		E4B69B5F0A3A1757003C02F2 /* Build configuration list for PBXNativeTarget "BallDroppings" */ = {
			isa = XCConfigurationList;
			buildConfigurations = (
				E4B69B600A3A1757003C02F2 /* Debug */,
				E4B69B610A3A1757003C02F2 /* Release */,
				99FA3DBC1C7456C400CFA0EE /* AppStore */,
			);
			defaultConfigurationIsVisible = 0;
			defaultConfigurationName = Release;
		};
/* End XCConfigurationList section */
	};
	rootObject = E4B69B4C0A3A1720003C02F2 /* Project object */;
}
